{
  "name": "notion-agents-test",
  "version": "1.0.0",
  "lockfileVersion": 3,
  "requires": true,
  "packages": {
    "": {
      "name": "notion-agents-test",
      "version": "1.0.0",
      "dependencies": {
        "@notionhq/agents-client": "file:../../notion-agents-sdk-js"
      }
    },
    "../../notion-agents-sdk-js": {
      "name": "@notionhq/agents-client",
      "version": "1.0.0",
      "dependencies": {
        "@notionhq/client": "5.4.0",
        "dotenv": "17.2.3"
      },
      "devDependencies": {
        "@types/node": "24.10.1",
        "@vitest/coverage-v8": "^4.0.16",
        "markdownlint-cli2": "^0.20.0",
        "prettier": "3.7.4",
        "tsx": "^4.21.0",
        "typescript": "5.9.3",
        "vitest": "^4.0.16"
      }
    },
    "node_modules/@notionhq/agents-client": {
      "resolved": "../../notion-agents-sdk-js",
      "link": true
    }
  }
}
